<<<<<<< Updated upstream
=======
﻿
Microsoft Visual Studio Solution File, Format Version 12.00
# Visual Studio Version 17
VisualStudioVersion = 17.0.31903.59
MinimumVisualStudioVersion = 10.0.40219.1
Project("{9A19103F-16F7-4668-BE54-9A1E7A4F7556}") = "BigBlueTest", "test\BigBlueTest.csproj", "{036AE483-413F-402B-AACF-913C5BFB6E25}"
EndProject
Project("{9A19103F-16F7-4668-BE54-9A1E7A4F7556}") = "BigBlueApi", "src\BigBlueApi.csproj", "{C549EC19-970D-4067-BAB2-09AE9C04C934}"
EndProject
Global
	GlobalSection(SolutionConfigurationPlatforms) = preSolution
		Debug|Any CPU = Debug|Any CPU
		Release|Any CPU = Release|Any CPU
	EndGlobalSection
	GlobalSection(ProjectConfigurationPlatforms) = postSolution
		{036AE483-413F-402B-AACF-913C5BFB6E25}.Debug|Any CPU.ActiveCfg = Debug|Any CPU
		{036AE483-413F-402B-AACF-913C5BFB6E25}.Debug|Any CPU.Build.0 = Debug|Any CPU
		{036AE483-413F-402B-AACF-913C5BFB6E25}.Release|Any CPU.ActiveCfg = Release|Any CPU
		{036AE483-413F-402B-AACF-913C5BFB6E25}.Release|Any CPU.Build.0 = Release|Any CPU
		{C549EC19-970D-4067-BAB2-09AE9C04C934}.Debug|Any CPU.ActiveCfg = Debug|Any CPU
		{C549EC19-970D-4067-BAB2-09AE9C04C934}.Debug|Any CPU.Build.0 = Debug|Any CPU
		{C549EC19-970D-4067-BAB2-09AE9C04C934}.Release|Any CPU.ActiveCfg = Release|Any CPU
		{C549EC19-970D-4067-BAB2-09AE9C04C934}.Release|Any CPU.Build.0 = Release|Any CPU
	EndGlobalSection
	GlobalSection(SolutionProperties) = preSolution
		HideSolutionNode = FALSE
	EndGlobalSection
	GlobalSection(ExtensibilityGlobals) = postSolution
		SolutionGuid = {3B823B2F-F2D7-44E3-96F8-451B2856D987}
	EndGlobalSection
EndGlobal
>>>>>>> Stashed changes
