
Microsoft Visual Studio Solution File, Format Version 12.00
# Visual Studio Version 17
VisualStudioVersion = 17.0.31903.59
MinimumVisualStudioVersion = 10.0.40219.1
Project("{2150E333-8FDC-42A3-9474-1A3956D46DE8}") = "src", "src", "{AFF43552-1ECA-4BB2-AE3A-BFB6A9CF673C}"
EndProject
Project("{9A19103F-16F7-4668-BE54-9A1E7A4F7556}") = "LIMS.Infrastructure", "src\LIMS.Infrastructure\LIMS.Infrastructure.csproj", "{86BF9898-2EFE-4503-BE96-174CDB7E9284}"
EndProject
Project("{9A19103F-16F7-4668-BE54-9A1E7A4F7556}") = "LIMS.Application", "src\LIMS.Application\LIMS.Application.csproj", "{FF156AB0-3370-4931-A03E-39C99AC43B4B}"
EndProject
Project("{9A19103F-16F7-4668-BE54-9A1E7A4F7556}") = "LIMS.Domain", "src\LIMS.Domain\LIMS.Domain.csproj", "{4526C30A-6C59-4749-9E85-4E5C4E06C25C}"
EndProject
Project("{9A19103F-16F7-4668-BE54-9A1E7A4F7556}") = "LIMS.Api", "src\LIMS.Api\LIMS.Api.csproj", "{A9712BD0-84B2-4E40-A9BD-6D0A5FC7F0F7}"
EndProject
Project("{9A19103F-16F7-4668-BE54-9A1E7A4F7556}") = "LIMS.Test", "test\LIMS.Test.csproj", "{F565DE28-DA6C-4139-BB71-1D9963836DFF}"
EndProject
Project("{2150E333-8FDC-42A3-9474-1A3956D46DE8}") = "common", "common", "{766FBFA0-AA92-4AD6-BFC7-29F8D6677A25}"
EndProject
Project("{9A19103F-16F7-4668-BE54-9A1E7A4F7556}") = "AC.Common", "common\AdobeConnect\AC.Common.csproj", "{D3D10961-F481-46C4-AA14-B6EAAFA2C2DF}"
EndProject
Project("{9A19103F-16F7-4668-BE54-9A1E7A4F7556}") = "BBB.Common", "common\BBB\BBB.Common.csproj", "{590D94CC-760B-447E-8A79-A38F1CF034D9}"
EndProject
Project("{2150E333-8FDC-42A3-9474-1A3956D46DE8}") = "Solution Items", "Solution Items", "{3E96A359-C7B9-4EED-8283-B1150695D08C}"
	ProjectSection(SolutionItems) = preProject
		LIMS.Document.txt = LIMS.Document.txt
	EndProjectSection
EndProject
Global
	GlobalSection(SolutionConfigurationPlatforms) = preSolution
		Debug|Any CPU = Debug|Any CPU
		Release|Any CPU = Release|Any CPU
	EndGlobalSection
	GlobalSection(ProjectConfigurationPlatforms) = postSolution
		{86BF9898-2EFE-4503-BE96-174CDB7E9284}.Debug|Any CPU.ActiveCfg = Debug|Any CPU
		{86BF9898-2EFE-4503-BE96-174CDB7E9284}.Debug|Any CPU.Build.0 = Debug|Any CPU
		{86BF9898-2EFE-4503-BE96-174CDB7E9284}.Release|Any CPU.ActiveCfg = Release|Any CPU
		{86BF9898-2EFE-4503-BE96-174CDB7E9284}.Release|Any CPU.Build.0 = Release|Any CPU
		{FF156AB0-3370-4931-A03E-39C99AC43B4B}.Debug|Any CPU.ActiveCfg = Debug|Any CPU
		{FF156AB0-3370-4931-A03E-39C99AC43B4B}.Debug|Any CPU.Build.0 = Debug|Any CPU
		{FF156AB0-3370-4931-A03E-39C99AC43B4B}.Release|Any CPU.ActiveCfg = Release|Any CPU
		{FF156AB0-3370-4931-A03E-39C99AC43B4B}.Release|Any CPU.Build.0 = Release|Any CPU
		{4526C30A-6C59-4749-9E85-4E5C4E06C25C}.Debug|Any CPU.ActiveCfg = Debug|Any CPU
		{4526C30A-6C59-4749-9E85-4E5C4E06C25C}.Debug|Any CPU.Build.0 = Debug|Any CPU
		{4526C30A-6C59-4749-9E85-4E5C4E06C25C}.Release|Any CPU.ActiveCfg = Release|Any CPU
		{4526C30A-6C59-4749-9E85-4E5C4E06C25C}.Release|Any CPU.Build.0 = Release|Any CPU
		{A9712BD0-84B2-4E40-A9BD-6D0A5FC7F0F7}.Debug|Any CPU.ActiveCfg = Debug|Any CPU
		{A9712BD0-84B2-4E40-A9BD-6D0A5FC7F0F7}.Debug|Any CPU.Build.0 = Debug|Any CPU
		{A9712BD0-84B2-4E40-A9BD-6D0A5FC7F0F7}.Release|Any CPU.ActiveCfg = Release|Any CPU
		{A9712BD0-84B2-4E40-A9BD-6D0A5FC7F0F7}.Release|Any CPU.Build.0 = Release|Any CPU
		{F565DE28-DA6C-4139-BB71-1D9963836DFF}.Debug|Any CPU.ActiveCfg = Debug|Any CPU
		{F565DE28-DA6C-4139-BB71-1D9963836DFF}.Debug|Any CPU.Build.0 = Debug|Any CPU
		{F565DE28-DA6C-4139-BB71-1D9963836DFF}.Release|Any CPU.ActiveCfg = Release|Any CPU
		{F565DE28-DA6C-4139-BB71-1D9963836DFF}.Release|Any CPU.Build.0 = Release|Any CPU
		{D3D10961-F481-46C4-AA14-B6EAAFA2C2DF}.Debug|Any CPU.ActiveCfg = Debug|Any CPU
		{D3D10961-F481-46C4-AA14-B6EAAFA2C2DF}.Debug|Any CPU.Build.0 = Debug|Any CPU
		{D3D10961-F481-46C4-AA14-B6EAAFA2C2DF}.Release|Any CPU.ActiveCfg = Release|Any CPU
		{D3D10961-F481-46C4-AA14-B6EAAFA2C2DF}.Release|Any CPU.Build.0 = Release|Any CPU
		{590D94CC-760B-447E-8A79-A38F1CF034D9}.Debug|Any CPU.ActiveCfg = Debug|Any CPU
		{590D94CC-760B-447E-8A79-A38F1CF034D9}.Debug|Any CPU.Build.0 = Debug|Any CPU
		{590D94CC-760B-447E-8A79-A38F1CF034D9}.Release|Any CPU.ActiveCfg = Release|Any CPU
		{590D94CC-760B-447E-8A79-A38F1CF034D9}.Release|Any CPU.Build.0 = Release|Any CPU
	EndGlobalSection
	GlobalSection(SolutionProperties) = preSolution
		HideSolutionNode = FALSE
	EndGlobalSection
	GlobalSection(NestedProjects) = preSolution
		{86BF9898-2EFE-4503-BE96-174CDB7E9284} = {AFF43552-1ECA-4BB2-AE3A-BFB6A9CF673C}
		{FF156AB0-3370-4931-A03E-39C99AC43B4B} = {AFF43552-1ECA-4BB2-AE3A-BFB6A9CF673C}
		{4526C30A-6C59-4749-9E85-4E5C4E06C25C} = {AFF43552-1ECA-4BB2-AE3A-BFB6A9CF673C}
		{A9712BD0-84B2-4E40-A9BD-6D0A5FC7F0F7} = {AFF43552-1ECA-4BB2-AE3A-BFB6A9CF673C}
		{D3D10961-F481-46C4-AA14-B6EAAFA2C2DF} = {766FBFA0-AA92-4AD6-BFC7-29F8D6677A25}
		{590D94CC-760B-447E-8A79-A38F1CF034D9} = {766FBFA0-AA92-4AD6-BFC7-29F8D6677A25}
	EndGlobalSection
	GlobalSection(ExtensibilityGlobals) = postSolution
		SolutionGuid = {945B8285-065A-4BA2-8B33-6B42E6C1000E}
	EndGlobalSection
EndGlobal
